PODS:
  - flutter_volume_controller (0.0.1):
    - FlutterMacOS
  - FlutterMacOS (1.0.0)
  - media_kit_libs_macos_video (1.0.4):
    - FlutterMacOS
  - media_kit_video (0.0.1):
    - FlutterMacOS
  - screen_brightness_macos (0.1.0):
    - FlutterMacOS
  - screen_retriever_macos (0.0.1):
    - FlutterMacOS
  - window_manager (0.2.0):
    - FlutterMacOS

DEPENDENCIES:
  - flutter_volume_controller (from `Flutter/ephemeral/.symlinks/plugins/flutter_volume_controller/macos`)
  - FlutterMacOS (from `Flutter/ephemeral`)
  - media_kit_libs_macos_video (from `Flutter/ephemeral/.symlinks/plugins/media_kit_libs_macos_video/macos`)
  - media_kit_video (from `Flutter/ephemeral/.symlinks/plugins/media_kit_video/macos`)
  - screen_brightness_macos (from `Flutter/ephemeral/.symlinks/plugins/screen_brightness_macos/macos`)
  - screen_retriever_macos (from `Flutter/ephemeral/.symlinks/plugins/screen_retriever_macos/macos`)
  - window_manager (from `Flutter/ephemeral/.symlinks/plugins/window_manager/macos`)

EXTERNAL SOURCES:
  flutter_volume_controller:
    :path: Flutter/ephemeral/.symlinks/plugins/flutter_volume_controller/macos
  FlutterMacOS:
    :path: Flutter/ephemeral
  media_kit_libs_macos_video:
    :path: Flutter/ephemeral/.symlinks/plugins/media_kit_libs_macos_video/macos
  media_kit_video:
    :path: Flutter/ephemeral/.symlinks/plugins/media_kit_video/macos
  screen_brightness_macos:
    :path: Flutter/ephemeral/.symlinks/plugins/screen_brightness_macos/macos
  screen_retriever_macos:
    :path: Flutter/ephemeral/.symlinks/plugins/screen_retriever_macos/macos
  window_manager:
    :path: Flutter/ephemeral/.symlinks/plugins/window_manager/macos

SPEC CHECKSUMS:
  flutter_volume_controller: ae08bf0838e4901f299781c3ab5056dfab0c2f74
  FlutterMacOS: d0db08ddef1a9af05a5ec4b724367152bb0500b1
  media_kit_libs_macos_video: 85a23e549b5f480e72cae3e5634b5514bc692f65
  media_kit_video: fa6564e3799a0a28bff39442334817088b7ca758
  screen_brightness_macos: 2a3ee243f8051c340381e8e51bcedced8360f421
  screen_retriever_macos: 452e51764a9e1cdb74b3c541238795849f21557f
  window_manager: 1d01fa7ac65a6e6f83b965471b1a7fdd3f06166c

PODFILE CHECKSUM: 54d867c82ac51cbd61b565781b9fada492027009

COCOAPODS: 1.16.2
